// !$*UTF8*$!
{
	archiveVersion = 1;
	classes = {
	};
	objectVersion = 56;
	objects = {

/* Begin PBXBuildFile section */
		521413C52C19E82100C15DC4 /* Alarm.wav in Resources */ = {isa = PBXBuildFile; fileRef = 521413C42C19E82100C15DC4 /* Alarm.wav */; };
		521413CB2C1A9A6900C15DC4 /* Sources.swift in Sources */ = {isa = PBXBuildFile; fileRef = 521413CA2C1A9A6900C15DC4 /* Sources.swift */; };
		521413CD2C1A9EA200C15DC4 /* Rain.wav in Resources */ = {isa = PBXBuildFile; fileRef = 521413CC2C1A9EA200C15DC4 /* Rain.wav */; };
		52CEA0662C19BBCD00293A81 /* RealityKitContent in Frameworks */ = {isa = PBXBuildFile; productRef = 52CEA0652C19BBCD00293A81 /* RealityKitContent */; };
		52CEA0682C19BBCD00293A81 /* VisionTimerApp.swift in Sources */ = {isa = PBXBuildFile; fileRef = 52CEA0672C19BBCD00293A81 /* VisionTimerApp.swift */; };
		52CEA06C2C19BBCE00293A81 /* Assets.xcassets in Resources */ = {isa = PBXBuildFile; fileRef = 52CEA06B2C19BBCE00293A81 /* Assets.xcassets */; };
		52CEA0852C19BD8600293A81 /* TimerView.swift in Sources */ = {isa = PBXBuildFile; fileRef = 52CEA0842C19BD8600293A81 /* TimerView.swift */; };
		52CEA0872C19BDB800293A81 /* TimerViewModel.swift in Sources */ = {isa = PBXBuildFile; fileRef = 52CEA0862C19BDB800293A81 /* TimerViewModel.swift */; };
/* End PBXBuildFile section */

/* Begin PBXContainerItemProxy section */
		52CEA0762C19BBCF00293A81 /* PBXContainerItemProxy */ = {
			isa = PBXContainerItemProxy;
			containerPortal = 52CEA0582C19BBCD00293A81 /* Project object */;
			proxyType = 1;
			remoteGlobalIDString = 52CEA05F2C19BBCD00293A81;
			remoteInfo = VisionTimer;
		};
/* End PBXContainerItemProxy section */

/* Begin PBXFileReference section */
		521413C42C19E82100C15DC4 /* Alarm.wav */ = {isa = PBXFileReference; lastKnownFileType = audio.wav; path = Alarm.wav; sourceTree = "<group>"; };
		521413CA2C1A9A6900C15DC4 /* Sources.swift */ = {isa = PBXFileReference; lastKnownFileType = sourcecode.swift; path = Sources.swift; sourceTree = "<group>"; };
		521413CC2C1A9EA200C15DC4 /* Rain.wav */ = {isa = PBXFileReference; lastKnownFileType = audio.wav; path = Rain.wav; sourceTree = "<group>"; };
		52CEA0602C19BBCD00293A81 /* VisionTimer.app */ = {isa = PBXFileReference; explicitFileType = wrapper.application; includeInIndex = 0; path = VisionTimer.app; sourceTree = BUILT_PRODUCTS_DIR; };
		52CEA0642C19BBCD00293A81 /* RealityKitContent */ = {isa = PBXFileReference; lastKnownFileType = wrapper; path = RealityKitContent; sourceTree = "<group>"; };
		52CEA0672C19BBCD00293A81 /* VisionTimerApp.swift */ = {isa = PBXFileReference; lastKnownFileType = sourcecode.swift; path = VisionTimerApp.swift; sourceTree = "<group>"; };
		52CEA06B2C19BBCE00293A81 /* Assets.xcassets */ = {isa = PBXFileReference; lastKnownFileType = folder.assetcatalog; path = Assets.xcassets; sourceTree = "<group>"; };
		52CEA0702C19BBCE00293A81 /* Info.plist */ = {isa = PBXFileReference; lastKnownFileType = text.plist.xml; path = Info.plist; sourceTree = "<group>"; };
		52CEA0752C19BBCF00293A81 /* VisionTimerTests.xctest */ = {isa = PBXFileReference; explicitFileType = wrapper.cfbundle; includeInIndex = 0; path = VisionTimerTests.xctest; sourceTree = BUILT_PRODUCTS_DIR; };
		52CEA0842C19BD8600293A81 /* TimerView.swift */ = {isa = PBXFileReference; lastKnownFileType = sourcecode.swift; path = TimerView.swift; sourceTree = "<group>"; };
		52CEA0862C19BDB800293A81 /* TimerViewModel.swift */ = {isa = PBXFileReference; lastKnownFileType = sourcecode.swift; path = TimerViewModel.swift; sourceTree = "<group>"; };
/* End PBXFileReference section */

/* Begin PBXFrameworksBuildPhase section */
		52CEA05D2C19BBCD00293A81 /* Frameworks */ = {
			isa = PBXFrameworksBuildPhase;
			buildActionMask = 2147483647;
			files = (
				52CEA0662C19BBCD00293A81 /* RealityKitContent in Frameworks */,
			);
			runOnlyForDeploymentPostprocessing = 0;
		};
		52CEA0722C19BBCF00293A81 /* Frameworks */ = {
			isa = PBXFrameworksBuildPhase;
			buildActionMask = 2147483647;
			files = (
			);
			runOnlyForDeploymentPostprocessing = 0;
		};
/* End PBXFrameworksBuildPhase section */

/* Begin PBXGroup section */
		521413C32C19DB8600C15DC4 /* Source */ = {
			isa = PBXGroup;
			children = (
				521413C42C19E82100C15DC4 /* Alarm.wav */,
				521413CC2C1A9EA200C15DC4 /* Rain.wav */,
				52CEA06B2C19BBCE00293A81 /* Assets.xcassets */,
				52CEA0702C19BBCE00293A81 /* Info.plist */,
			);
			path = Source;
			sourceTree = "<group>";
		};
		52CEA0572C19BBCD00293A81 = {
			isa = PBXGroup;
			children = (
				52CEA0622C19BBCD00293A81 /* VisionTimer */,
				52CEA0632C19BBCD00293A81 /* Packages */,
				52CEA0612C19BBCD00293A81 /* Products */,
			);
			sourceTree = "<group>";
		};
		52CEA0612C19BBCD00293A81 /* Products */ = {
			isa = PBXGroup;
			children = (
				52CEA0602C19BBCD00293A81 /* VisionTimer.app */,
				52CEA0752C19BBCF00293A81 /* VisionTimerTests.xctest */,
			);
			name = Products;
			sourceTree = "<group>";
		};
		52CEA0622C19BBCD00293A81 /* VisionTimer */ = {
			isa = PBXGroup;
			children = (
				521413C32C19DB8600C15DC4 /* Source */,
				52CEA08A2C19C2E500293A81 /* Resource */,
			);
			path = VisionTimer;
			sourceTree = "<group>";
		};
		52CEA0632C19BBCD00293A81 /* Packages */ = {
			isa = PBXGroup;
			children = (
				52CEA0642C19BBCD00293A81 /* RealityKitContent */,
			);
			path = Packages;
			sourceTree = "<group>";
		};
		52CEA0832C19BD6B00293A81 /* Feature */ = {
			isa = PBXGroup;
			children = (
				52CEA0842C19BD8600293A81 /* TimerView.swift */,
				52CEA0862C19BDB800293A81 /* TimerViewModel.swift */,
				521413CA2C1A9A6900C15DC4 /* Sources.swift */,
			);
			path = Feature;
			sourceTree = "<group>";
		};
		52CEA0892C19C2DA00293A81 /* Application */ = {
			isa = PBXGroup;
			children = (
				52CEA0672C19BBCD00293A81 /* VisionTimerApp.swift */,
			);
			path = Application;
			sourceTree = "<group>";
		};
		52CEA08A2C19C2E500293A81 /* Resource */ = {
			isa = PBXGroup;
			children = (
				52CEA0892C19C2DA00293A81 /* Application */,
				52CEA0832C19BD6B00293A81 /* Feature */,
			);
			path = Resource;
			sourceTree = "<group>";
		};
/* End PBXGroup section */

/* Begin PBXNativeTarget section */
		52CEA05F2C19BBCD00293A81 /* VisionTimer */ = {
			isa = PBXNativeTarget;
			buildConfigurationList = 52CEA07D2C19BBCF00293A81 /* Build configuration list for PBXNativeTarget "VisionTimer" */;
			buildPhases = (
				52CEA05C2C19BBCD00293A81 /* Sources */,
				52CEA05D2C19BBCD00293A81 /* Frameworks */,
				52CEA05E2C19BBCD00293A81 /* Resources */,
			);
			buildRules = (
			);
			dependencies = (
			);
			name = VisionTimer;
			packageProductDependencies = (
				52CEA0652C19BBCD00293A81 /* RealityKitContent */,
			);
			productName = VisionTimer;
			productReference = 52CEA0602C19BBCD00293A81 /* VisionTimer.app */;
			productType = "com.apple.product-type.application";
		};
		52CEA0742C19BBCF00293A81 /* VisionTimerTests */ = {
			isa = PBXNativeTarget;
			buildConfigurationList = 52CEA0802C19BBCF00293A81 /* Build configuration list for PBXNativeTarget "VisionTimerTests" */;
			buildPhases = (
				52CEA0712C19BBCF00293A81 /* Sources */,
				52CEA0722C19BBCF00293A81 /* Frameworks */,
				52CEA0732C19BBCF00293A81 /* Resources */,
			);
			buildRules = (
			);
			dependencies = (
				52CEA0772C19BBCF00293A81 /* PBXTargetDependency */,
			);
			name = VisionTimerTests;
			productName = VisionTimerTests;
			productReference = 52CEA0752C19BBCF00293A81 /* VisionTimerTests.xctest */;
			productType = "com.apple.product-type.bundle.unit-test";
		};
/* End PBXNativeTarget section */

/* Begin PBXProject section */
		52CEA0582C19BBCD00293A81 /* Project object */ = {
			isa = PBXProject;
			attributes = {
				BuildIndependentTargetsInParallel = 1;
				LastSwiftUpdateCheck = 1530;
				LastUpgradeCheck = 1530;
				TargetAttributes = {
					52CEA05F2C19BBCD00293A81 = {
						CreatedOnToolsVersion = 15.3;
					};
					52CEA0742C19BBCF00293A81 = {
						CreatedOnToolsVersion = 15.3;
						TestTargetID = 52CEA05F2C19BBCD00293A81;
					};
				};
			};
			buildConfigurationList = 52CEA05B2C19BBCD00293A81 /* Build configuration list for PBXProject "VisionTimer" */;
			compatibilityVersion = "Xcode 14.0";
			developmentRegion = en;
			hasScannedForEncodings = 0;
			knownRegions = (
				en,
				Base,
			);
			mainGroup = 52CEA0572C19BBCD00293A81;
			productRefGroup = 52CEA0612C19BBCD00293A81 /* Products */;
			projectDirPath = "";
			projectRoot = "";
			targets = (
				52CEA05F2C19BBCD00293A81 /* VisionTimer */,
				52CEA0742C19BBCF00293A81 /* VisionTimerTests */,
			);
		};
/* End PBXProject section */

/* Begin PBXResourcesBuildPhase section */
		52CEA05E2C19BBCD00293A81 /* Resources */ = {
			isa = PBXResourcesBuildPhase;
			buildActionMask = 2147483647;
			files = (
				521413C52C19E82100C15DC4 /* Alarm.wav in Resources */,
				52CEA06C2C19BBCE00293A81 /* Assets.xcassets in Resources */,
				521413CD2C1A9EA200C15DC4 /* Rain.wav in Resources */,
			);
			runOnlyForDeploymentPostprocessing = 0;
		};
		52CEA0732C19BBCF00293A81 /* Resources */ = {
			isa = PBXResourcesBuildPhase;
			buildActionMask = 2147483647;
			files = (
			);
			runOnlyForDeploymentPostprocessing = 0;
		};
/* End PBXResourcesBuildPhase section */

/* Begin PBXSourcesBuildPhase section */
		52CEA05C2C19BBCD00293A81 /* Sources */ = {
			isa = PBXSourcesBuildPhase;
			buildActionMask = 2147483647;
			files = (
				52CEA0852C19BD8600293A81 /* TimerView.swift in Sources */,
				52CEA0872C19BDB800293A81 /* TimerViewModel.swift in Sources */,
				521413CB2C1A9A6900C15DC4 /* Sources.swift in Sources */,
				52CEA0682C19BBCD00293A81 /* VisionTimerApp.swift in Sources */,
			);
			runOnlyForDeploymentPostprocessing = 0;
		};
		52CEA0712C19BBCF00293A81 /* Sources */ = {
			isa = PBXSourcesBuildPhase;
			buildActionMask = 2147483647;
			files = (
			);
			runOnlyForDeploymentPostprocessing = 0;
		};
/* End PBXSourcesBuildPhase section */

/* Begin PBXTargetDependency section */
		52CEA0772C19BBCF00293A81 /* PBXTargetDependency */ = {
			isa = PBXTargetDependency;
			target = 52CEA05F2C19BBCD00293A81 /* VisionTimer */;
			targetProxy = 52CEA0762C19BBCF00293A81 /* PBXContainerItemProxy */;
		};
/* End PBXTargetDependency section */

/* Begin XCBuildConfiguration section */
		52CEA07B2C19BBCF00293A81 /* Debug */ = {
			isa = XCBuildConfiguration;
			buildSettings = {
				ALWAYS_SEARCH_USER_PATHS = NO;
				ASSETCATALOG_COMPILER_GENERATE_SWIFT_ASSET_SYMBOL_EXTENSIONS = YES;
				CLANG_ANALYZER_NONNULL = YES;
				CLANG_ANALYZER_NUMBER_OBJECT_CONVERSION = YES_AGGRESSIVE;
				CLANG_CXX_LANGUAGE_STANDARD = "gnu++20";
				CLANG_ENABLE_MODULES = YES;
				CLANG_ENABLE_OBJC_ARC = YES;
				CLANG_ENABLE_OBJC_WEAK = YES;
				CLANG_WARN_BLOCK_CAPTURE_AUTORELEASING = YES;
				CLANG_WARN_BOOL_CONVERSION = YES;
				CLANG_WARN_COMMA = YES;
				CLANG_WARN_CONSTANT_CONVERSION = YES;
				CLANG_WARN_DEPRECATED_OBJC_IMPLEMENTATIONS = YES;
				CLANG_WARN_DIRECT_OBJC_ISA_USAGE = YES_ERROR;
				CLANG_WARN_DOCUMENTATION_COMMENTS = YES;
				CLANG_WARN_EMPTY_BODY = YES;
				CLANG_WARN_ENUM_CONVERSION = YES;
				CLANG_WARN_INFINITE_RECURSION = YES;
				CLANG_WARN_INT_CONVERSION = YES;
				CLANG_WARN_NON_LITERAL_NULL_CONVERSION = YES;
				CLANG_WARN_OBJC_IMPLICIT_RETAIN_SELF = YES;
				CLANG_WARN_OBJC_LITERAL_CONVERSION = YES;
				CLANG_WARN_OBJC_ROOT_CLASS = YES_ERROR;
				CLANG_WARN_QUOTED_INCLUDE_IN_FRAMEWORK_HEADER = YES;
				CLANG_WARN_RANGE_LOOP_ANALYSIS = YES;
				CLANG_WARN_STRICT_PROTOTYPES = YES;
				CLANG_WARN_SUSPICIOUS_MOVE = YES;
				CLANG_WARN_UNGUARDED_AVAILABILITY = YES_AGGRESSIVE;
				CLANG_WARN_UNREACHABLE_CODE = YES;
				CLANG_WARN__DUPLICATE_METHOD_MATCH = YES;
				COPY_PHASE_STRIP = NO;
				DEBUG_INFORMATION_FORMAT = dwarf;
				ENABLE_STRICT_OBJC_MSGSEND = YES;
				ENABLE_TESTABILITY = YES;
				ENABLE_USER_SCRIPT_SANDBOXING = YES;
				GCC_C_LANGUAGE_STANDARD = gnu17;
				GCC_DYNAMIC_NO_PIC = NO;
				GCC_NO_COMMON_BLOCKS = YES;
				GCC_OPTIMIZATION_LEVEL = 0;
				GCC_PREPROCESSOR_DEFINITIONS = (
					"DEBUG=1",
					"$(inherited)",
				);
				GCC_WARN_64_TO_32_BIT_CONVERSION = YES;
				GCC_WARN_ABOUT_RETURN_TYPE = YES_ERROR;
				GCC_WARN_UNDECLARED_SELECTOR = YES;
				GCC_WARN_UNINITIALIZED_AUTOS = YES_AGGRESSIVE;
				GCC_WARN_UNUSED_FUNCTION = YES;
				GCC_WARN_UNUSED_VARIABLE = YES;
				INFOPLIST_FILE = "";
				LOCALIZATION_PREFERS_STRING_CATALOGS = YES;
				MTL_ENABLE_DEBUG_INFO = INCLUDE_SOURCE;
				MTL_FAST_MATH = YES;
				ONLY_ACTIVE_ARCH = YES;
				SDKROOT = xros;
				SWIFT_ACTIVE_COMPILATION_CONDITIONS = "DEBUG $(inherited)";
				SWIFT_OPTIMIZATION_LEVEL = "-Onone";
				XROS_DEPLOYMENT_TARGET = 1.1;
			};
			name = Debug;
		};
		52CEA07C2C19BBCF00293A81 /* Release */ = {
			isa = XCBuildConfiguration;
			buildSettings = {
				ALWAYS_SEARCH_USER_PATHS = NO;
				ASSETCATALOG_COMPILER_GENERATE_SWIFT_ASSET_SYMBOL_EXTENSIONS = YES;
				CLANG_ANALYZER_NONNULL = YES;
				CLANG_ANALYZER_NUMBER_OBJECT_CONVERSION = YES_AGGRESSIVE;
				CLANG_CXX_LANGUAGE_STANDARD = "gnu++20";
				CLANG_ENABLE_MODULES = YES;
				CLANG_ENABLE_OBJC_ARC = YES;
				CLANG_ENABLE_OBJC_WEAK = YES;
				CLANG_WARN_BLOCK_CAPTURE_AUTORELEASING = YES;
				CLANG_WARN_BOOL_CONVERSION = YES;
				CLANG_WARN_COMMA = YES;
				CLANG_WARN_CONSTANT_CONVERSION = YES;
				CLANG_WARN_DEPRECATED_OBJC_IMPLEMENTATIONS = YES;
				CLANG_WARN_DIRECT_OBJC_ISA_USAGE = YES_ERROR;
				CLANG_WARN_DOCUMENTATION_COMMENTS = YES;
				CLANG_WARN_EMPTY_BODY = YES;
				CLANG_WARN_ENUM_CONVERSION = YES;
				CLANG_WARN_INFINITE_RECURSION = YES;
				CLANG_WARN_INT_CONVERSION = YES;
				CLANG_WARN_NON_LITERAL_NULL_CONVERSION = YES;
				CLANG_WARN_OBJC_IMPLICIT_RETAIN_SELF = YES;
				CLANG_WARN_OBJC_LITERAL_CONVERSION = YES;
				CLANG_WARN_OBJC_ROOT_CLASS = YES_ERROR;
				CLANG_WARN_QUOTED_INCLUDE_IN_FRAMEWORK_HEADER = YES;
				CLANG_WARN_RANGE_LOOP_ANALYSIS = YES;
				CLANG_WARN_STRICT_PROTOTYPES = YES;
				CLANG_WARN_SUSPICIOUS_MOVE = YES;
				CLANG_WARN_UNGUARDED_AVAILABILITY = YES_AGGRESSIVE;
				CLANG_WARN_UNREACHABLE_CODE = YES;
				CLANG_WARN__DUPLICATE_METHOD_MATCH = YES;
				COPY_PHASE_STRIP = NO;
				DEBUG_INFORMATION_FORMAT = "dwarf-with-dsym";
				ENABLE_NS_ASSERTIONS = NO;
				ENABLE_STRICT_OBJC_MSGSEND = YES;
				ENABLE_USER_SCRIPT_SANDBOXING = YES;
				GCC_C_LANGUAGE_STANDARD = gnu17;
				GCC_NO_COMMON_BLOCKS = YES;
				GCC_WARN_64_TO_32_BIT_CONVERSION = YES;
				GCC_WARN_ABOUT_RETURN_TYPE = YES_ERROR;
				GCC_WARN_UNDECLARED_SELECTOR = YES;
				GCC_WARN_UNINITIALIZED_AUTOS = YES_AGGRESSIVE;
				GCC_WARN_UNUSED_FUNCTION = YES;
				GCC_WARN_UNUSED_VARIABLE = YES;
				INFOPLIST_FILE = "";
				LOCALIZATION_PREFERS_STRING_CATALOGS = YES;
				MTL_ENABLE_DEBUG_INFO = NO;
				MTL_FAST_MATH = YES;
				SDKROOT = xros;
				SWIFT_COMPILATION_MODE = wholemodule;
				VALIDATE_PRODUCT = YES;
				XROS_DEPLOYMENT_TARGET = 1.1;
			};
			name = Release;
		};
		52CEA07E2C19BBCF00293A81 /* Debug */ = {
			isa = XCBuildConfiguration;
			buildSettings = {
				ASSETCATALOG_COMPILER_APPICON_NAME = AppIcon;
				ASSETCATALOG_COMPILER_GLOBAL_ACCENT_COLOR_NAME = AccentColor;
				CODE_SIGN_STYLE = Automatic;
				CURRENT_PROJECT_VERSION = 1;
				DEVELOPMENT_TEAM = H4CNC953L3;
				ENABLE_PREVIEWS = YES;
				GENERATE_INFOPLIST_FILE = YES;
				INFOPLIST_KEY_CFBundleDisplayName = "낮잠타이머";
				LD_RUNPATH_SEARCH_PATHS = (
					"$(inherited)",
					"@executable_path/Frameworks",
				);
				MARKETING_VERSION = 1.0;
				PRODUCT_BUNDLE_IDENTIFIER = run.mingyu.VisionTimer;
				PRODUCT_NAME = "$(TARGET_NAME)";
				SUPPORTED_PLATFORMS = "xros xrsimulator";
				SWIFT_EMIT_LOC_STRINGS = YES;
				SWIFT_VERSION = 5.0;
				TARGETED_DEVICE_FAMILY = "1,2,7";
			};
			name = Debug;
		};
		52CEA07F2C19BBCF00293A81 /* Release */ = {
			isa = XCBuildConfiguration;
			buildSettings = {
				ASSETCATALOG_COMPILER_APPICON_NAME = AppIcon;
				ASSETCATALOG_COMPILER_GLOBAL_ACCENT_COLOR_NAME = AccentColor;
				CODE_SIGN_STYLE = Automatic;
				CURRENT_PROJECT_VERSION = 1;
				DEVELOPMENT_TEAM = H4CNC953L3;
				ENABLE_PREVIEWS = YES;
				GENERATE_INFOPLIST_FILE = YES;
				INFOPLIST_KEY_CFBundleDisplayName = "낮잠타이머";
				LD_RUNPATH_SEARCH_PATHS = (
					"$(inherited)",
					"@executable_path/Frameworks",
				);
				MARKETING_VERSION = 1.0;
				PRODUCT_BUNDLE_IDENTIFIER = run.mingyu.VisionTimer;
				PRODUCT_NAME = "$(TARGET_NAME)";
				SUPPORTED_PLATFORMS = "xros xrsimulator";
				SWIFT_EMIT_LOC_STRINGS = YES;
				SWIFT_VERSION = 5.0;
				TARGETED_DEVICE_FAMILY = "1,2,7";
			};
			name = Release;
		};
		52CEA0812C19BBCF00293A81 /* Debug */ = {
			isa = XCBuildConfiguration;
			buildSettings = {
				ALWAYS_EMBED_SWIFT_STANDARD_LIBRARIES = YES;
				BUNDLE_LOADER = "$(TEST_HOST)";
				CODE_SIGN_STYLE = Automatic;
				CURRENT_PROJECT_VERSION = 1;
				DEVELOPMENT_TEAM = H4CNC953L3;
				GENERATE_INFOPLIST_FILE = YES;
				MARKETING_VERSION = 1.0;
				PRODUCT_BUNDLE_IDENTIFIER = run.mingyu.VisionTimerTests;
				PRODUCT_NAME = "$(TARGET_NAME)";
				SUPPORTED_PLATFORMS = "xros xrsimulator";
				SWIFT_EMIT_LOC_STRINGS = NO;
				SWIFT_VERSION = 5.0;
				TARGETED_DEVICE_FAMILY = "1,2,7";
				TEST_HOST = "$(BUILT_PRODUCTS_DIR)/VisionTimer.app/$(BUNDLE_EXECUTABLE_FOLDER_PATH)/VisionTimer";
				XROS_DEPLOYMENT_TARGET = 1.1;
			};
			name = Debug;
		};
		52CEA0822C19BBCF00293A81 /* Release */ = {
			isa = XCBuildConfiguration;
			buildSettings = {
				ALWAYS_EMBED_SWIFT_STANDARD_LIBRARIES = YES;
				BUNDLE_LOADER = "$(TEST_HOST)";
				CODE_SIGN_STYLE = Automatic;
				CURRENT_PROJECT_VERSION = 1;
				DEVELOPMENT_TEAM = H4CNC953L3;
				GENERATE_INFOPLIST_FILE = YES;
				MARKETING_VERSION = 1.0;
				PRODUCT_BUNDLE_IDENTIFIER = run.mingyu.VisionTimerTests;
				PRODUCT_NAME = "$(TARGET_NAME)";
				SUPPORTED_PLATFORMS = "xros xrsimulator";
				SWIFT_EMIT_LOC_STRINGS = NO;
				SWIFT_VERSION = 5.0;
				TARGETED_DEVICE_FAMILY = "1,2,7";
				TEST_HOST = "$(BUILT_PRODUCTS_DIR)/VisionTimer.app/$(BUNDLE_EXECUTABLE_FOLDER_PATH)/VisionTimer";
				XROS_DEPLOYMENT_TARGET = 1.1;
			};
			name = Release;
		};
/* End XCBuildConfiguration section */

/* Begin XCConfigurationList section */
		52CEA05B2C19BBCD00293A81 /* Build configuration list for PBXProject "VisionTimer" */ = {
			isa = XCConfigurationList;
			buildConfigurations = (
				52CEA07B2C19BBCF00293A81 /* Debug */,
				52CEA07C2C19BBCF00293A81 /* Release */,
			);
			defaultConfigurationIsVisible = 0;
			defaultConfigurationName = Release;
		};
		52CEA07D2C19BBCF00293A81 /* Build configuration list for PBXNativeTarget "VisionTimer" */ = {
			isa = XCConfigurationList;
			buildConfigurations = (
				52CEA07E2C19BBCF00293A81 /* Debug */,
				52CEA07F2C19BBCF00293A81 /* Release */,
			);
			defaultConfigurationIsVisible = 0;
			defaultConfigurationName = Release;
		};
		52CEA0802C19BBCF00293A81 /* Build configuration list for PBXNativeTarget "VisionTimerTests" */ = {
			isa = XCConfigurationList;
			buildConfigurations = (
				52CEA0812C19BBCF00293A81 /* Debug */,
				52CEA0822C19BBCF00293A81 /* Release */,
			);
			defaultConfigurationIsVisible = 0;
			defaultConfigurationName = Release;
		};
/* End XCConfigurationList section */

/* Begin XCSwiftPackageProductDependency section */
		52CEA0652C19BBCD00293A81 /* RealityKitContent */ = {
			isa = XCSwiftPackageProductDependency;
			productName = RealityKitContent;
		};
/* End XCSwiftPackageProductDependency section */
	};
	rootObject = 52CEA0582C19BBCD00293A81 /* Project object */;
}
